github.com/goog-lukemc/gouicomponent v0.0.0-20200525185242-2dd398693940 h1:jbXrg06kkmF5362la4PI6GQiMHFOkZidY5F07pc9iZo=
github.com/goog-lukemc/gouicomponent v0.0.0-20200525185242-2dd398693940/go.mod h1:WdDB9qP8Q2htFSZY164vXVZ9lRmLiWk04zjVfzg126Y=
github.com/goog-lukemc/gouicomponent v0.0.0-20200525210110-52b8d09eacf8 h1:q72VJaYGOFKwauqAnp55jo+easwbjLxoPf5//EFE2eI=
github.com/goog-lukemc/gouicomponent v0.0.0-20200525210110-52b8d09eacf8/go.mod h1:s46zuXLKRbfeuobHbRLEGJKCZCeMLyMr093OIy3kYhU=
github.com/goog-lukemc/gouidom v0.0.0-20200504130024-c92fcab294dd h1:E8jBazW1xSLUhHFPYm4ZO9Ws8BG47nd1BckZV1Y8ezs=
github.com/goog-lukemc/gouidom v0.0.0-20200504130024-c92fcab294dd/go.mod h1:YwcaCFiw4Y7uY6SG+Yb7EHtEnAzG3ppx+/v2OsnaNO0=
github.com/goog-lukemc/gouielement v0.0.0-20200526002840-bcc51f6a4d13 h1:65l+LWm5Vk9m8hl2IYf02RJhgYHUi+PvRMf49Bh8bqQ=
github.com/goog-lukemc/gouielement v0.0.0-20200526002840-bcc51f6a4d13/go.mod h1:bIrDjkoHbJ2QLsqbJW1MF+gZ5k4FwSIW8WyWm0H8GHA=
github.com/goog-lukemc/tserver v0.0.0-20200512162719-aa4dffa3a601 h1:CD0pcpWtMEf2C4eEX12VHTbHFKRJPwliwQbUZo70Cr8=
github.com/goog-lukemc/tserver v0.0.0-20200512162719-aa4dffa3a601/go.mod h1:MFoqJJD4+HmYd9TWeZaduyzGcQ+cj/tOmOb/mC8rlIA=
